
Microsoft Visual Studio Solution File, Format Version 12.00
# Visual Studio Version 17
VisualStudioVersion = 17.8.34330.188
MinimumVisualStudioVersion = 10.0.40219.1
Project("{9A19103F-16F7-4668-BE54-9A1E7A4F7556}") = "AddressBookMain", "Address\AddressBookMain.csproj", "{71AEF0A3-AE60-4384-ABAE-EC410FEF241B}"
EndProject
Global
	GlobalSection(SolutionConfigurationPlatforms) = preSolution
		Debug|Any CPU = Debug|Any CPU
		Release|Any CPU = Release|Any CPU
	EndGlobalSection
	GlobalSection(ProjectConfigurationPlatforms) = postSolution
		{71AEF0A3-AE60-4384-ABAE-EC410FEF241B}.Debug|Any CPU.ActiveCfg = Debug|Any CPU
		{71AEF0A3-AE60-4384-ABAE-EC410FEF241B}.Debug|Any CPU.Build.0 = Debug|Any CPU
		{71AEF0A3-AE60-4384-ABAE-EC410FEF241B}.Release|Any CPU.ActiveCfg = Release|Any CPU
		{71AEF0A3-AE60-4384-ABAE-EC410FEF241B}.Release|Any CPU.Build.0 = Release|Any CPU
	EndGlobalSection
	GlobalSection(SolutionProperties) = preSolution
		HideSolutionNode = FALSE
	EndGlobalSection
	GlobalSection(ExtensibilityGlobals) = postSolution
		SolutionGuid = {345A43B8-3944-4ECF-ABA2-F4900A82E21D}
	EndGlobalSection
EndGlobal
